<?xml version="1.0" encoding="utf-8"?>
<Project ToolsVersion="4.0" xmlns="http://schemas.microsoft.com/developer/msbuild/2003">
  <ItemGroup>
    <Filter Include="Source Files">
      <UniqueIdentifier>{4FC737F1-C7A5-4376-A066-2A32D752A2FF}</UniqueIdentifier>
      <Extensions>cpp;c;cc;cxx;def;odl;idl;hpj;bat;asm;asmx</Extensions>
    </Filter>
    <Filter Include="Header Files">
      <UniqueIdentifier>{93995380-89BD-4b04-88EB-625FBE52EBFB}</UniqueIdentifier>
      <Extensions>h;hh;hpp;hxx;hm;inl;inc;ipp;xsd</Extensions>
    </Filter>
    <Filter Include="Resource Files">
      <UniqueIdentifier>{67DA6AB6-F800-4c08-8B7A-83BB121AAD01}</UniqueIdentifier>
      <Extensions>rc;ico;cur;bmp;dlg;rc2;rct;bin;rgs;gif;jpg;jpeg;jpe;resx;tiff;tif;png;wav;mfcribbon-ms</Extensions>
    </Filter>
  </ItemGroup>
  <ItemGroup>
    <ClCompile Include="Models\src\Win32_BaseboardModel.cpp">
      <Filter>Source Files</Filter>
    </ClCompile>
    <ClCompile Include="Models\src\Win32_BIOSModel.cpp">
      <Filter>Source Files</Filter>
    </ClCompile>
    <ClCompile Include="Models\src\Win32_DesktopMonitorModel.cpp">
      <Filter>Source Files</Filter>
    </ClCompile>
    <ClCompile Include="Models\src\Win32_DiskDriveModel.cpp">
      <Filter>Source Files</Filter>
    </ClCompile>
    <ClCompile Include="Models\src\Win32_PointingDeviceModel.cpp">
      <Filter>Source Files</Filter>
    </ClCompile>
    <ClCompile Include="Models\src\Win32_KeyboardModel.cpp">
      <Filter>Source Files</Filter>
    </ClCompile>
    <ClCompile Include="Models\src\Win32_ProcessorModel.cpp">
      <Filter>Source Files</Filter>
    </ClCompile>
    <ClCompile Include="Models\src\Win32_SoundDeviceModel.cpp">
      <Filter>Source Files</Filter>
    </ClCompile>
    <ClCompile Include="Models\src\Win32_USBControllerModel.cpp">
      <Filter>Source Files</Filter>
    </ClCompile>
    <ClCompile Include="Models\src\Win32_ComputerSystemModel.cpp">
      <Filter>Source Files</Filter>
    </ClCompile>
    <ClCompile Include="Models\src\Win32_NetworkClientModel.cpp">
      <Filter>Source Files</Filter>
    </ClCompile>
    <ClCompile Include="Models\src\Win32_OperatingSystem.cpp">
      <Filter>Source Files</Filter>
    </ClCompile>
    <ClCompile Include="Models\src\Win32_RegistryModel.cpp">
      <Filter>Source Files</Filter>
    </ClCompile>
    <ClCompile Include="Models\src\Win32_UserAccountModel.cpp">
      <Filter>Source Files</Filter>
    </ClCompile>
    <ClCompile Include="Network\src\HttpServer.cpp">
      <Filter>Source Files</Filter>
    </ClCompile>
    <ClCompile Include="main.cpp">
      <Filter>Source Files</Filter>
    </ClCompile>
    <ClCompile Include="DataManager\src\DataManager.cpp">
      <Filter>Source Files</Filter>
    </ClCompile>
    <ClCompile Include="JSONModelsConverter\src\JSONModelsConverter.cpp">
      <Filter>Source Files</Filter>
    </ClCompile>
    <ClCompile Include="Main\src\Application.cpp">
      <Filter>Source Files</Filter>
    </ClCompile>
    <ClCompile Include="Network\src\RequestParser.cpp">
      <Filter>Source Files</Filter>
    </ClCompile>
    <ClCompile Include="Main\src\Reactor.cpp">
      <Filter>Source Files</Filter>
    </ClCompile>
  </ItemGroup>
  <ItemGroup>
    <ClInclude Include="Models\IModel.h">
      <Filter>Header Files</Filter>
    </ClInclude>
    <ClInclude Include="Models\Win32_BaseboardModel.h">
      <Filter>Header Files</Filter>
    </ClInclude>
    <ClInclude Include="Models\Win32_BIOSModel.h">
      <Filter>Header Files</Filter>
    </ClInclude>
    <ClInclude Include="Models\Win32_DesktopMonitorModel.h">
      <Filter>Header Files</Filter>
    </ClInclude>
    <ClInclude Include="Models\Win32_DiskDriveModel.h">
      <Filter>Header Files</Filter>
    </ClInclude>
    <ClInclude Include="Models\Win32_PointingDeviceModel.h">
      <Filter>Header Files</Filter>
    </ClInclude>
    <ClInclude Include="Models\Win32_KeyboardModel.h">
      <Filter>Header Files</Filter>
    </ClInclude>
    <ClInclude Include="Models\Win32_ProcessorModel.h">
      <Filter>Header Files</Filter>
    </ClInclude>
    <ClInclude Include="Models\Win32_SoundDeviceModel.h">
      <Filter>Header Files</Filter>
    </ClInclude>
    <ClInclude Include="Models\Win32_USBControllerModelh.h">
      <Filter>Header Files</Filter>
    </ClInclude>
    <ClInclude Include="Models\Win32_ComputerSystemModel.h">
      <Filter>Header Files</Filter>
    </ClInclude>
    <ClInclude Include="Models\Win32_NetworkClientModel.h">
      <Filter>Header Files</Filter>
    </ClInclude>
    <ClInclude Include="Models\Win32_OperatingSystemModel.h">
      <Filter>Header Files</Filter>
    </ClInclude>
    <ClInclude Include="Models\Win32_RegistryModel.h">
      <Filter>Header Files</Filter>
    </ClInclude>
    <ClInclude Include="Models\Win32_UserAccountModel.h">
      <Filter>Header Files</Filter>
    </ClInclude>
    <ClInclude Include="Network\HttpServer.h">
      <Filter>Header Files</Filter>
    </ClInclude>
    <ClInclude Include="DataManager\DataManager.h">
      <Filter>Header Files</Filter>
    </ClInclude>
    <ClInclude Include="JSONModelsConverter\JSONModelsConverter.h">
      <Filter>Header Files</Filter>
    </ClInclude>
    <ClInclude Include="Main\Application.h">
      <Filter>Header Files</Filter>
    </ClInclude>
    <ClInclude Include="Network\RequestParser.h">
      <Filter>Header Files</Filter>
    </ClInclude>
    <ClInclude Include="Main\Reactor.h">
      <Filter>Header Files</Filter>
    </ClInclude>
    <ClInclude Include="Common\Common.h">
      <Filter>Header Files</Filter>
    </ClInclude>
  </ItemGroup>
</Project>